
Microsoft Visual Studio Solution File, Format Version 12.00
# Visual Studio Version 17
VisualStudioVersion = 17.14.37027.9 d17.14
MinimumVisualStudioVersion = 10.0.40219.1
Project("{FAE04EC0-301F-11D3-BF4B-00C04F79EFBC}") = "OrderManagementAPI", "OrderManagementAPI\OrderManagementAPI.csproj", "{B8CF9876-B10E-435F-947E-07CE3E605D56}"
EndProject
Global
	GlobalSection(SolutionConfigurationPlatforms) = preSolution
		Debug|Any CPU = Debug|Any CPU
		Release|Any CPU = Release|Any CPU
	EndGlobalSection
	GlobalSection(ProjectConfigurationPlatforms) = postSolution
		{B8CF9876-B10E-435F-947E-07CE3E605D56}.Debug|Any CPU.ActiveCfg = Debug|Any CPU
		{B8CF9876-B10E-435F-947E-07CE3E605D56}.Debug|Any CPU.Build.0 = Debug|Any CPU
		{B8CF9876-B10E-435F-947E-07CE3E605D56}.Release|Any CPU.ActiveCfg = Release|Any CPU
		{B8CF9876-B10E-435F-947E-07CE3E605D56}.Release|Any CPU.Build.0 = Release|Any CPU
	EndGlobalSection
	GlobalSection(SolutionProperties) = preSolution
		HideSolutionNode = FALSE
	EndGlobalSection
	GlobalSection(ExtensibilityGlobals) = postSolution
		SolutionGuid = {810F5698-D194-4809-BC52-658737A751F2}
	EndGlobalSection
EndGlobal
